
Microsoft Visual Studio Solution File, Format Version 12.00
# Visual Studio Version 16
VisualStudioVersion = 16.0.29709.97
MinimumVisualStudioVersion = 10.0.40219.1
Project("{9A19103F-16F7-4668-BE54-9A1E7A4F7556}") = "Android.Tools", "Android.Tools\Android.Tools.csproj", "{E60877C0-EA58-46BD-9498-03AA398EE72A}"
EndProject
Project("{9A19103F-16F7-4668-BE54-9A1E7A4F7556}") = "Android.Tools.Runner", "Android.Tools.Runner\Android.Tools.Runner.csproj", "{EBFCE4AC-188F-4408-9287-1DD900C239BB}"
EndProject
Project("{FAE04EC0-301F-11D3-BF4B-00C04F79EFBC}") = "Android.Tools.Tests", "Android.Tools.Tests\Android.Tools.Tests.csproj", "{98FDF0BD-9AB2-478F-A15C-9CC912E0E255}"
EndProject
Global
	GlobalSection(SolutionConfigurationPlatforms) = preSolution
		Debug|Any CPU = Debug|Any CPU
		Release|Any CPU = Release|Any CPU
	EndGlobalSection
	GlobalSection(ProjectConfigurationPlatforms) = postSolution
		{E60877C0-EA58-46BD-9498-03AA398EE72A}.Debug|Any CPU.ActiveCfg = Debug|Any CPU
		{E60877C0-EA58-46BD-9498-03AA398EE72A}.Debug|Any CPU.Build.0 = Debug|Any CPU
		{E60877C0-EA58-46BD-9498-03AA398EE72A}.Release|Any CPU.ActiveCfg = Release|Any CPU
		{E60877C0-EA58-46BD-9498-03AA398EE72A}.Release|Any CPU.Build.0 = Release|Any CPU
		{EBFCE4AC-188F-4408-9287-1DD900C239BB}.Debug|Any CPU.ActiveCfg = Debug|Any CPU
		{EBFCE4AC-188F-4408-9287-1DD900C239BB}.Debug|Any CPU.Build.0 = Debug|Any CPU
		{EBFCE4AC-188F-4408-9287-1DD900C239BB}.Release|Any CPU.ActiveCfg = Release|Any CPU
		{EBFCE4AC-188F-4408-9287-1DD900C239BB}.Release|Any CPU.Build.0 = Release|Any CPU
		{98FDF0BD-9AB2-478F-A15C-9CC912E0E255}.Debug|Any CPU.ActiveCfg = Debug|Any CPU
		{98FDF0BD-9AB2-478F-A15C-9CC912E0E255}.Debug|Any CPU.Build.0 = Debug|Any CPU
		{98FDF0BD-9AB2-478F-A15C-9CC912E0E255}.Release|Any CPU.ActiveCfg = Release|Any CPU
		{98FDF0BD-9AB2-478F-A15C-9CC912E0E255}.Release|Any CPU.Build.0 = Release|Any CPU
	EndGlobalSection
	GlobalSection(SolutionProperties) = preSolution
		HideSolutionNode = FALSE
	EndGlobalSection
	GlobalSection(ExtensibilityGlobals) = postSolution
		SolutionGuid = {29712EFB-8DA9-4F66-9003-D3BB8798A65D}
	EndGlobalSection
EndGlobal
