
Microsoft Visual Studio Solution File, Format Version 12.00
# Visual Studio Version 17
VisualStudioVersion = 17.5.33402.96
MinimumVisualStudioVersion = 10.0.40219.1
Project("{9A19103F-16F7-4668-BE54-9A1E7A4F7556}") = "AndroidSdk", "AndroidSdk\AndroidSdk.csproj", "{9CEB75BF-8F7D-4254-8F07-8A22E2641995}"
EndProject
Project("{9A19103F-16F7-4668-BE54-9A1E7A4F7556}") = "AndroidSdk.Tests", "AndroidSdk.Tests\AndroidSdk.Tests.csproj", "{73E62C54-5545-4AFA-884E-B201591ADBAE}"
EndProject
Project("{9A19103F-16F7-4668-BE54-9A1E7A4F7556}") = "AndroidSdk.Tool", "AndroidSdk.Tool\AndroidSdk.Tool.csproj", "{512853D3-001A-4458-A5B7-0F0CA62E8DCE}"
EndProject
Project("{9A19103F-16F7-4668-BE54-9A1E7A4F7556}") = "AndroidSdk.Adbd", "AndroidSdk.Adbd\AndroidSdk.Adbd.csproj", "{648CC429-2373-471E-BC3B-D900B0B1AEC1}"
EndProject
Project("{9A19103F-16F7-4668-BE54-9A1E7A4F7556}") = "AndroidSdk.Adbd.Tests", "AndroidSdk.Adbd.Tests\AndroidSdk.Adbd.Tests.csproj", "{61262BFD-2765-4574-A83C-87474C89D38A}"
EndProject
Project("{2150E333-8FDC-42A3-9474-1A3956D46DE8}") = "workflows", "workflows", "{5A3A2587-3845-4F6F-9463-D5D35CFECE62}"
	ProjectSection(SolutionItems) = preProject
		.github\workflows\build-publish.yml = .github\workflows\build-publish.yml
		.github\workflows\run.yml = .github\workflows\run.yml
		.github\workflows\test.yml = .github\workflows\test.yml
	EndProjectSection
EndProject
Global
	GlobalSection(SolutionConfigurationPlatforms) = preSolution
		Debug|Any CPU = Debug|Any CPU
		Release|Any CPU = Release|Any CPU
	EndGlobalSection
	GlobalSection(ProjectConfigurationPlatforms) = postSolution
		{9CEB75BF-8F7D-4254-8F07-8A22E2641995}.Debug|Any CPU.ActiveCfg = Debug|Any CPU
		{9CEB75BF-8F7D-4254-8F07-8A22E2641995}.Debug|Any CPU.Build.0 = Debug|Any CPU
		{9CEB75BF-8F7D-4254-8F07-8A22E2641995}.Release|Any CPU.ActiveCfg = Release|Any CPU
		{9CEB75BF-8F7D-4254-8F07-8A22E2641995}.Release|Any CPU.Build.0 = Release|Any CPU
		{73E62C54-5545-4AFA-884E-B201591ADBAE}.Debug|Any CPU.ActiveCfg = Debug|Any CPU
		{73E62C54-5545-4AFA-884E-B201591ADBAE}.Debug|Any CPU.Build.0 = Debug|Any CPU
		{73E62C54-5545-4AFA-884E-B201591ADBAE}.Release|Any CPU.ActiveCfg = Release|Any CPU
		{73E62C54-5545-4AFA-884E-B201591ADBAE}.Release|Any CPU.Build.0 = Release|Any CPU
		{512853D3-001A-4458-A5B7-0F0CA62E8DCE}.Debug|Any CPU.ActiveCfg = Debug|Any CPU
		{512853D3-001A-4458-A5B7-0F0CA62E8DCE}.Debug|Any CPU.Build.0 = Debug|Any CPU
		{512853D3-001A-4458-A5B7-0F0CA62E8DCE}.Release|Any CPU.ActiveCfg = Release|Any CPU
		{512853D3-001A-4458-A5B7-0F0CA62E8DCE}.Release|Any CPU.Build.0 = Release|Any CPU
		{648CC429-2373-471E-BC3B-D900B0B1AEC1}.Debug|Any CPU.ActiveCfg = Debug|Any CPU
		{648CC429-2373-471E-BC3B-D900B0B1AEC1}.Debug|Any CPU.Build.0 = Debug|Any CPU
		{648CC429-2373-471E-BC3B-D900B0B1AEC1}.Release|Any CPU.ActiveCfg = Release|Any CPU
		{648CC429-2373-471E-BC3B-D900B0B1AEC1}.Release|Any CPU.Build.0 = Release|Any CPU
		{61262BFD-2765-4574-A83C-87474C89D38A}.Debug|Any CPU.ActiveCfg = Debug|Any CPU
		{61262BFD-2765-4574-A83C-87474C89D38A}.Debug|Any CPU.Build.0 = Debug|Any CPU
		{61262BFD-2765-4574-A83C-87474C89D38A}.Release|Any CPU.ActiveCfg = Release|Any CPU
		{61262BFD-2765-4574-A83C-87474C89D38A}.Release|Any CPU.Build.0 = Release|Any CPU
	EndGlobalSection
	GlobalSection(SolutionProperties) = preSolution
		HideSolutionNode = FALSE
	EndGlobalSection
	GlobalSection(ExtensibilityGlobals) = postSolution
		SolutionGuid = {29712EFB-8DA9-4F66-9003-D3BB8798A65D}
	EndGlobalSection
EndGlobal
